
Microsoft Visual Studio Solution File, Format Version 12.00
# Visual Studio Version 17
VisualStudioVersion = 17.9.34728.123
MinimumVisualStudioVersion = 10.0.40219.1
Project("{888888A0-9F3D-457C-B088-3A5042F75D52}") = "beltclone", "beltclone\beltclone.pyproj", "{D58CCC62-1C84-4168-8C1A-F9249DFCE426}"
EndProject
Global
	GlobalSection(SolutionConfigurationPlatforms) = preSolution
		Debug|Any CPU = Debug|Any CPU
		Release|Any CPU = Release|Any CPU
	EndGlobalSection
	GlobalSection(ProjectConfigurationPlatforms) = postSolution
		{D58CCC62-1C84-4168-8C1A-F9249DFCE426}.Debug|Any CPU.ActiveCfg = Debug|Any CPU
		{D58CCC62-1C84-4168-8C1A-F9249DFCE426}.Release|Any CPU.ActiveCfg = Release|Any CPU
	EndGlobalSection
	GlobalSection(SolutionProperties) = preSolution
		HideSolutionNode = FALSE
	EndGlobalSection
	GlobalSection(ExtensibilityGlobals) = postSolution
		SolutionGuid = {FBC617DF-661E-4729-8247-BA3F57BEFF35}
	EndGlobalSection
EndGlobal
